// !$*UTF8*$!
{
	archiveVersion = 1;
	classes = {
	};
	objectVersion = 56;
	objects = {

/* Begin PBXBuildFile section */
		441AD9692C26AF61002E81C1 /* HabbitTrackerApp.swift in Sources */ = {isa = PBXBuildFile; fileRef = 441AD9682C26AF61002E81C1 /* HabbitTrackerApp.swift */; };
		441AD96B2C26AF61002E81C1 /* ContentView.swift in Sources */ = {isa = PBXBuildFile; fileRef = 441AD96A2C26AF61002E81C1 /* ContentView.swift */; };
		441AD96D2C26AF62002E81C1 /* Assets.xcassets in Resources */ = {isa = PBXBuildFile; fileRef = 441AD96C2C26AF62002E81C1 /* Assets.xcassets */; };
		441AD9702C26AF62002E81C1 /* Preview Assets.xcassets in Resources */ = {isa = PBXBuildFile; fileRef = 441AD96F2C26AF62002E81C1 /* Preview Assets.xcassets */; };
		441AD9772C26C9BC002E81C1 /* DailySmallElement.swift in Sources */ = {isa = PBXBuildFile; fileRef = 441AD9762C26C9BC002E81C1 /* DailySmallElement.swift */; };
		441AD9792C26C9D0002E81C1 /* HabitModel.swift in Sources */ = {isa = PBXBuildFile; fileRef = 441AD9782C26C9D0002E81C1 /* HabitModel.swift */; };
		441AD97B2C281EE4002E81C1 /* UserDefaultService.swift in Sources */ = {isa = PBXBuildFile; fileRef = 441AD97A2C281EE4002E81C1 /* UserDefaultService.swift */; };
		441AD9832C282490002E81C1 /* ImageExt.swift in Sources */ = {isa = PBXBuildFile; fileRef = 441AD9822C282490002E81C1 /* ImageExt.swift */; };
		441AD9862C282512002E81C1 /* FontsData.swift in Sources */ = {isa = PBXBuildFile; fileRef = 441AD9852C282512002E81C1 /* FontsData.swift */; };
		441AD98C2C282568002E81C1 /* OpenSans-Light.ttf in Resources */ = {isa = PBXBuildFile; fileRef = 441AD9872C282568002E81C1 /* OpenSans-Light.ttf */; };
		441AD98D2C282568002E81C1 /* OpenSans-Semibold.ttf in Resources */ = {isa = PBXBuildFile; fileRef = 441AD9882C282568002E81C1 /* OpenSans-Semibold.ttf */; };
		441AD98E2C282568002E81C1 /* OpenSans-Bold.ttf in Resources */ = {isa = PBXBuildFile; fileRef = 441AD9892C282568002E81C1 /* OpenSans-Bold.ttf */; };
		441AD98F2C282568002E81C1 /* OpenSans-ExtraBold.ttf in Resources */ = {isa = PBXBuildFile; fileRef = 441AD98A2C282568002E81C1 /* OpenSans-ExtraBold.ttf */; };
		441AD9902C282568002E81C1 /* OpenSans-Regular.ttf in Resources */ = {isa = PBXBuildFile; fileRef = 441AD98B2C282568002E81C1 /* OpenSans-Regular.ttf */; };
		441AD9942C282873002E81C1 /* TextModifier.swift in Sources */ = {isa = PBXBuildFile; fileRef = 441AD9932C282873002E81C1 /* TextModifier.swift */; };
		441AD9962C282F31002E81C1 /* TextHelper.swift in Sources */ = {isa = PBXBuildFile; fileRef = 441AD9952C282F31002E81C1 /* TextHelper.swift */; };
		441AD9982C286D01002E81C1 /* DailyBigElement.swift in Sources */ = {isa = PBXBuildFile; fileRef = 441AD9972C286D01002E81C1 /* DailyBigElement.swift */; };
/* End PBXBuildFile section */

/* Begin PBXFileReference section */
		441AD9652C26AF61002E81C1 /* HabbitTracker.app */ = {isa = PBXFileReference; explicitFileType = wrapper.application; includeInIndex = 0; path = HabbitTracker.app; sourceTree = BUILT_PRODUCTS_DIR; };
		441AD9682C26AF61002E81C1 /* HabbitTrackerApp.swift */ = {isa = PBXFileReference; lastKnownFileType = sourcecode.swift; path = HabbitTrackerApp.swift; sourceTree = "<group>"; };
		441AD96A2C26AF61002E81C1 /* ContentView.swift */ = {isa = PBXFileReference; lastKnownFileType = sourcecode.swift; path = ContentView.swift; sourceTree = "<group>"; };
		441AD96C2C26AF62002E81C1 /* Assets.xcassets */ = {isa = PBXFileReference; lastKnownFileType = folder.assetcatalog; path = Assets.xcassets; sourceTree = "<group>"; };
		441AD96F2C26AF62002E81C1 /* Preview Assets.xcassets */ = {isa = PBXFileReference; lastKnownFileType = folder.assetcatalog; path = "Preview Assets.xcassets"; sourceTree = "<group>"; };
		441AD9762C26C9BC002E81C1 /* DailySmallElement.swift */ = {isa = PBXFileReference; lastKnownFileType = sourcecode.swift; path = DailySmallElement.swift; sourceTree = "<group>"; };
		441AD9782C26C9D0002E81C1 /* HabitModel.swift */ = {isa = PBXFileReference; lastKnownFileType = sourcecode.swift; path = HabitModel.swift; sourceTree = "<group>"; };
		441AD97A2C281EE4002E81C1 /* UserDefaultService.swift */ = {isa = PBXFileReference; lastKnownFileType = sourcecode.swift; path = UserDefaultService.swift; sourceTree = "<group>"; };
		441AD9812C28241D002E81C1 /* Info.plist */ = {isa = PBXFileReference; lastKnownFileType = text.plist; path = Info.plist; sourceTree = "<group>"; };
		441AD9822C282490002E81C1 /* ImageExt.swift */ = {isa = PBXFileReference; lastKnownFileType = sourcecode.swift; path = ImageExt.swift; sourceTree = "<group>"; };
		441AD9852C282512002E81C1 /* FontsData.swift */ = {isa = PBXFileReference; lastKnownFileType = sourcecode.swift; path = FontsData.swift; sourceTree = "<group>"; };
		441AD9872C282568002E81C1 /* OpenSans-Light.ttf */ = {isa = PBXFileReference; lastKnownFileType = file; path = "OpenSans-Light.ttf"; sourceTree = "<group>"; };
		441AD9882C282568002E81C1 /* OpenSans-Semibold.ttf */ = {isa = PBXFileReference; lastKnownFileType = file; path = "OpenSans-Semibold.ttf"; sourceTree = "<group>"; };
		441AD9892C282568002E81C1 /* OpenSans-Bold.ttf */ = {isa = PBXFileReference; lastKnownFileType = file; path = "OpenSans-Bold.ttf"; sourceTree = "<group>"; };
		441AD98A2C282568002E81C1 /* OpenSans-ExtraBold.ttf */ = {isa = PBXFileReference; lastKnownFileType = file; path = "OpenSans-ExtraBold.ttf"; sourceTree = "<group>"; };
		441AD98B2C282568002E81C1 /* OpenSans-Regular.ttf */ = {isa = PBXFileReference; lastKnownFileType = file; path = "OpenSans-Regular.ttf"; sourceTree = "<group>"; };
		441AD9932C282873002E81C1 /* TextModifier.swift */ = {isa = PBXFileReference; lastKnownFileType = sourcecode.swift; path = TextModifier.swift; sourceTree = "<group>"; };
		441AD9952C282F31002E81C1 /* TextHelper.swift */ = {isa = PBXFileReference; lastKnownFileType = sourcecode.swift; path = TextHelper.swift; sourceTree = "<group>"; };
		441AD9972C286D01002E81C1 /* DailyBigElement.swift */ = {isa = PBXFileReference; lastKnownFileType = sourcecode.swift; path = DailyBigElement.swift; sourceTree = "<group>"; };
/* End PBXFileReference section */

/* Begin PBXFrameworksBuildPhase section */
		441AD9622C26AF61002E81C1 /* Frameworks */ = {
			isa = PBXFrameworksBuildPhase;
			buildActionMask = 2147483647;
			files = (
			);
			runOnlyForDeploymentPostprocessing = 0;
		};
/* End PBXFrameworksBuildPhase section */

/* Begin PBXGroup section */
		441AD95C2C26AF61002E81C1 = {
			isa = PBXGroup;
			children = (
				441AD9672C26AF61002E81C1 /* HabbitTracker */,
				441AD9662C26AF61002E81C1 /* Products */,
			);
			sourceTree = "<group>";
		};
		441AD9662C26AF61002E81C1 /* Products */ = {
			isa = PBXGroup;
			children = (
				441AD9652C26AF61002E81C1 /* HabbitTracker.app */,
			);
			name = Products;
			sourceTree = "<group>";
		};
		441AD9672C26AF61002E81C1 /* HabbitTracker */ = {
			isa = PBXGroup;
			children = (
				441AD9812C28241D002E81C1 /* Info.plist */,
				441AD9682C26AF61002E81C1 /* HabbitTrackerApp.swift */,
				441AD96A2C26AF61002E81C1 /* ContentView.swift */,
				441AD97E2C281F57002E81C1 /* Elements */,
				441AD9842C28249F002E81C1 /* Extensions */,
				441AD96E2C26AF62002E81C1 /* Preview Content */,
				441AD97D2C281F49002E81C1 /* Models */,
				441AD97C2C281F28002E81C1 /* Services */,
				441AD96C2C26AF62002E81C1 /* Assets.xcassets */,
				441AD9922C28258A002E81C1 /* Resources */,
				441AD9932C282873002E81C1 /* TextModifier.swift */,
			);
			path = HabbitTracker;
			sourceTree = "<group>";
		};
		441AD96E2C26AF62002E81C1 /* Preview Content */ = {
			isa = PBXGroup;
			children = (
				441AD96F2C26AF62002E81C1 /* Preview Assets.xcassets */,
			);
			path = "Preview Content";
			sourceTree = "<group>";
		};
		441AD97C2C281F28002E81C1 /* Services */ = {
			isa = PBXGroup;
			children = (
				441AD97A2C281EE4002E81C1 /* UserDefaultService.swift */,
				441AD9952C282F31002E81C1 /* TextHelper.swift */,
			);
			path = Services;
			sourceTree = "<group>";
		};
		441AD97D2C281F49002E81C1 /* Models */ = {
			isa = PBXGroup;
			children = (
				441AD9782C26C9D0002E81C1 /* HabitModel.swift */,
			);
			path = Models;
			sourceTree = "<group>";
		};
		441AD97E2C281F57002E81C1 /* Elements */ = {
			isa = PBXGroup;
			children = (
				441AD9762C26C9BC002E81C1 /* DailySmallElement.swift */,
				441AD9972C286D01002E81C1 /* DailyBigElement.swift */,
			);
			path = Elements;
			sourceTree = "<group>";
		};
		441AD9842C28249F002E81C1 /* Extensions */ = {
			isa = PBXGroup;
			children = (
				441AD9822C282490002E81C1 /* ImageExt.swift */,
			);
			path = Extensions;
			sourceTree = "<group>";
		};
		441AD9912C282571002E81C1 /* Fonts */ = {
			isa = PBXGroup;
			children = (
				441AD9852C282512002E81C1 /* FontsData.swift */,
				441AD9892C282568002E81C1 /* OpenSans-Bold.ttf */,
				441AD98A2C282568002E81C1 /* OpenSans-ExtraBold.ttf */,
				441AD9872C282568002E81C1 /* OpenSans-Light.ttf */,
				441AD98B2C282568002E81C1 /* OpenSans-Regular.ttf */,
				441AD9882C282568002E81C1 /* OpenSans-Semibold.ttf */,
			);
			path = Fonts;
			sourceTree = "<group>";
		};
		441AD9922C28258A002E81C1 /* Resources */ = {
			isa = PBXGroup;
			children = (
				441AD9912C282571002E81C1 /* Fonts */,
			);
			path = Resources;
			sourceTree = "<group>";
		};
/* End PBXGroup section */

/* Begin PBXNativeTarget section */
		441AD9642C26AF61002E81C1 /* HabbitTracker */ = {
			isa = PBXNativeTarget;
			buildConfigurationList = 441AD9732C26AF62002E81C1 /* Build configuration list for PBXNativeTarget "HabbitTracker" */;
			buildPhases = (
				441AD9612C26AF61002E81C1 /* Sources */,
				441AD9622C26AF61002E81C1 /* Frameworks */,
				441AD9632C26AF61002E81C1 /* Resources */,
			);
			buildRules = (
			);
			dependencies = (
			);
			name = HabbitTracker;
			productName = HabbitTracker;
			productReference = 441AD9652C26AF61002E81C1 /* HabbitTracker.app */;
			productType = "com.apple.product-type.application";
		};
/* End PBXNativeTarget section */

/* Begin PBXProject section */
		441AD95D2C26AF61002E81C1 /* Project object */ = {
			isa = PBXProject;
			attributes = {
				BuildIndependentTargetsInParallel = 1;
				LastSwiftUpdateCheck = 1520;
				LastUpgradeCheck = 1520;
				TargetAttributes = {
					441AD9642C26AF61002E81C1 = {
						CreatedOnToolsVersion = 15.2;
					};
				};
			};
			buildConfigurationList = 441AD9602C26AF61002E81C1 /* Build configuration list for PBXProject "HabbitTracker" */;
			compatibilityVersion = "Xcode 14.0";
			developmentRegion = en;
			hasScannedForEncodings = 0;
			knownRegions = (
				en,
				Base,
			);
			mainGroup = 441AD95C2C26AF61002E81C1;
			productRefGroup = 441AD9662C26AF61002E81C1 /* Products */;
			projectDirPath = "";
			projectRoot = "";
			targets = (
				441AD9642C26AF61002E81C1 /* HabbitTracker */,
			);
		};
/* End PBXProject section */

/* Begin PBXResourcesBuildPhase section */
		441AD9632C26AF61002E81C1 /* Resources */ = {
			isa = PBXResourcesBuildPhase;
			buildActionMask = 2147483647;
			files = (
				441AD9702C26AF62002E81C1 /* Preview Assets.xcassets in Resources */,
				441AD98F2C282568002E81C1 /* OpenSans-ExtraBold.ttf in Resources */,
				441AD98E2C282568002E81C1 /* OpenSans-Bold.ttf in Resources */,
				441AD98C2C282568002E81C1 /* OpenSans-Light.ttf in Resources */,
				441AD96D2C26AF62002E81C1 /* Assets.xcassets in Resources */,
				441AD9902C282568002E81C1 /* OpenSans-Regular.ttf in Resources */,
				441AD98D2C282568002E81C1 /* OpenSans-Semibold.ttf in Resources */,
			);
			runOnlyForDeploymentPostprocessing = 0;
		};
/* End PBXResourcesBuildPhase section */

/* Begin PBXSourcesBuildPhase section */
		441AD9612C26AF61002E81C1 /* Sources */ = {
			isa = PBXSourcesBuildPhase;
			buildActionMask = 2147483647;
			files = (
				441AD9792C26C9D0002E81C1 /* HabitModel.swift in Sources */,
				441AD9982C286D01002E81C1 /* DailyBigElement.swift in Sources */,
				441AD9942C282873002E81C1 /* TextModifier.swift in Sources */,
				441AD9772C26C9BC002E81C1 /* DailySmallElement.swift in Sources */,
				441AD96B2C26AF61002E81C1 /* ContentView.swift in Sources */,
				441AD9962C282F31002E81C1 /* TextHelper.swift in Sources */,
				441AD9832C282490002E81C1 /* ImageExt.swift in Sources */,
				441AD9862C282512002E81C1 /* FontsData.swift in Sources */,
				441AD97B2C281EE4002E81C1 /* UserDefaultService.swift in Sources */,
				441AD9692C26AF61002E81C1 /* HabbitTrackerApp.swift in Sources */,
			);
			runOnlyForDeploymentPostprocessing = 0;
		};
/* End PBXSourcesBuildPhase section */

/* Begin XCBuildConfiguration section */
		441AD9712C26AF62002E81C1 /* Debug */ = {
			isa = XCBuildConfiguration;
			buildSettings = {
				ALWAYS_SEARCH_USER_PATHS = NO;
				ASSETCATALOG_COMPILER_GENERATE_SWIFT_ASSET_SYMBOL_EXTENSIONS = YES;
				CLANG_ANALYZER_NONNULL = YES;
				CLANG_ANALYZER_NUMBER_OBJECT_CONVERSION = YES_AGGRESSIVE;
				CLANG_CXX_LANGUAGE_STANDARD = "gnu++20";
				CLANG_ENABLE_MODULES = YES;
				CLANG_ENABLE_OBJC_ARC = YES;
				CLANG_ENABLE_OBJC_WEAK = YES;
				CLANG_WARN_BLOCK_CAPTURE_AUTORELEASING = YES;
				CLANG_WARN_BOOL_CONVERSION = YES;
				CLANG_WARN_COMMA = YES;
				CLANG_WARN_CONSTANT_CONVERSION = YES;
				CLANG_WARN_DEPRECATED_OBJC_IMPLEMENTATIONS = YES;
				CLANG_WARN_DIRECT_OBJC_ISA_USAGE = YES_ERROR;
				CLANG_WARN_DOCUMENTATION_COMMENTS = YES;
				CLANG_WARN_EMPTY_BODY = YES;
				CLANG_WARN_ENUM_CONVERSION = YES;
				CLANG_WARN_INFINITE_RECURSION = YES;
				CLANG_WARN_INT_CONVERSION = YES;
				CLANG_WARN_NON_LITERAL_NULL_CONVERSION = YES;
				CLANG_WARN_OBJC_IMPLICIT_RETAIN_SELF = YES;
				CLANG_WARN_OBJC_LITERAL_CONVERSION = YES;
				CLANG_WARN_OBJC_ROOT_CLASS = YES_ERROR;
				CLANG_WARN_QUOTED_INCLUDE_IN_FRAMEWORK_HEADER = YES;
				CLANG_WARN_RANGE_LOOP_ANALYSIS = YES;
				CLANG_WARN_STRICT_PROTOTYPES = YES;
				CLANG_WARN_SUSPICIOUS_MOVE = YES;
				CLANG_WARN_UNGUARDED_AVAILABILITY = YES_AGGRESSIVE;
				CLANG_WARN_UNREACHABLE_CODE = YES;
				CLANG_WARN__DUPLICATE_METHOD_MATCH = YES;
				COPY_PHASE_STRIP = NO;
				DEBUG_INFORMATION_FORMAT = dwarf;
				ENABLE_STRICT_OBJC_MSGSEND = YES;
				ENABLE_TESTABILITY = YES;
				ENABLE_USER_SCRIPT_SANDBOXING = YES;
				GCC_C_LANGUAGE_STANDARD = gnu17;
				GCC_DYNAMIC_NO_PIC = NO;
				GCC_NO_COMMON_BLOCKS = YES;
				GCC_OPTIMIZATION_LEVEL = 0;
				GCC_PREPROCESSOR_DEFINITIONS = (
					"DEBUG=1",
					"$(inherited)",
				);
				GCC_WARN_64_TO_32_BIT_CONVERSION = YES;
				GCC_WARN_ABOUT_RETURN_TYPE = YES_ERROR;
				GCC_WARN_UNDECLARED_SELECTOR = YES;
				GCC_WARN_UNINITIALIZED_AUTOS = YES_AGGRESSIVE;
				GCC_WARN_UNUSED_FUNCTION = YES;
				GCC_WARN_UNUSED_VARIABLE = YES;
				IPHONEOS_DEPLOYMENT_TARGET = 17.2;
				LOCALIZATION_PREFERS_STRING_CATALOGS = YES;
				MTL_ENABLE_DEBUG_INFO = INCLUDE_SOURCE;
				MTL_FAST_MATH = YES;
				ONLY_ACTIVE_ARCH = YES;
				SDKROOT = iphoneos;
				SWIFT_ACTIVE_COMPILATION_CONDITIONS = "DEBUG $(inherited)";
				SWIFT_OPTIMIZATION_LEVEL = "-Onone";
			};
			name = Debug;
		};
		441AD9722C26AF62002E81C1 /* Release */ = {
			isa = XCBuildConfiguration;
			buildSettings = {
				ALWAYS_SEARCH_USER_PATHS = NO;
				ASSETCATALOG_COMPILER_GENERATE_SWIFT_ASSET_SYMBOL_EXTENSIONS = YES;
				CLANG_ANALYZER_NONNULL = YES;
				CLANG_ANALYZER_NUMBER_OBJECT_CONVERSION = YES_AGGRESSIVE;
				CLANG_CXX_LANGUAGE_STANDARD = "gnu++20";
				CLANG_ENABLE_MODULES = YES;
				CLANG_ENABLE_OBJC_ARC = YES;
				CLANG_ENABLE_OBJC_WEAK = YES;
				CLANG_WARN_BLOCK_CAPTURE_AUTORELEASING = YES;
				CLANG_WARN_BOOL_CONVERSION = YES;
				CLANG_WARN_COMMA = YES;
				CLANG_WARN_CONSTANT_CONVERSION = YES;
				CLANG_WARN_DEPRECATED_OBJC_IMPLEMENTATIONS = YES;
				CLANG_WARN_DIRECT_OBJC_ISA_USAGE = YES_ERROR;
				CLANG_WARN_DOCUMENTATION_COMMENTS = YES;
				CLANG_WARN_EMPTY_BODY = YES;
				CLANG_WARN_ENUM_CONVERSION = YES;
				CLANG_WARN_INFINITE_RECURSION = YES;
				CLANG_WARN_INT_CONVERSION = YES;
				CLANG_WARN_NON_LITERAL_NULL_CONVERSION = YES;
				CLANG_WARN_OBJC_IMPLICIT_RETAIN_SELF = YES;
				CLANG_WARN_OBJC_LITERAL_CONVERSION = YES;
				CLANG_WARN_OBJC_ROOT_CLASS = YES_ERROR;
				CLANG_WARN_QUOTED_INCLUDE_IN_FRAMEWORK_HEADER = YES;
				CLANG_WARN_RANGE_LOOP_ANALYSIS = YES;
				CLANG_WARN_STRICT_PROTOTYPES = YES;
				CLANG_WARN_SUSPICIOUS_MOVE = YES;
				CLANG_WARN_UNGUARDED_AVAILABILITY = YES_AGGRESSIVE;
				CLANG_WARN_UNREACHABLE_CODE = YES;
				CLANG_WARN__DUPLICATE_METHOD_MATCH = YES;
				COPY_PHASE_STRIP = NO;
				DEBUG_INFORMATION_FORMAT = "dwarf-with-dsym";
				ENABLE_NS_ASSERTIONS = NO;
				ENABLE_STRICT_OBJC_MSGSEND = YES;
				ENABLE_USER_SCRIPT_SANDBOXING = YES;
				GCC_C_LANGUAGE_STANDARD = gnu17;
				GCC_NO_COMMON_BLOCKS = YES;
				GCC_WARN_64_TO_32_BIT_CONVERSION = YES;
				GCC_WARN_ABOUT_RETURN_TYPE = YES_ERROR;
				GCC_WARN_UNDECLARED_SELECTOR = YES;
				GCC_WARN_UNINITIALIZED_AUTOS = YES_AGGRESSIVE;
				GCC_WARN_UNUSED_FUNCTION = YES;
				GCC_WARN_UNUSED_VARIABLE = YES;
				IPHONEOS_DEPLOYMENT_TARGET = 17.2;
				LOCALIZATION_PREFERS_STRING_CATALOGS = YES;
				MTL_ENABLE_DEBUG_INFO = NO;
				MTL_FAST_MATH = YES;
				SDKROOT = iphoneos;
				SWIFT_COMPILATION_MODE = wholemodule;
				VALIDATE_PRODUCT = YES;
			};
			name = Release;
		};
		441AD9742C26AF62002E81C1 /* Debug */ = {
			isa = XCBuildConfiguration;
			buildSettings = {
				ASSETCATALOG_COMPILER_APPICON_NAME = AppIcon;
				ASSETCATALOG_COMPILER_GLOBAL_ACCENT_COLOR_NAME = AccentColor;
				CODE_SIGN_STYLE = Automatic;
				CURRENT_PROJECT_VERSION = 1;
				DEVELOPMENT_ASSET_PATHS = "\"HabbitTracker/Preview Content\"";
				DEVELOPMENT_TEAM = MMRD3ZF494;
				ENABLE_PREVIEWS = YES;
				GENERATE_INFOPLIST_FILE = YES;
				INFOPLIST_FILE = HabbitTracker/Info.plist;
				INFOPLIST_KEY_UIApplicationSceneManifest_Generation = YES;
				INFOPLIST_KEY_UIApplicationSupportsIndirectInputEvents = YES;
				INFOPLIST_KEY_UILaunchScreen_Generation = YES;
				INFOPLIST_KEY_UISupportedInterfaceOrientations_iPad = "UIInterfaceOrientationPortrait UIInterfaceOrientationPortraitUpsideDown UIInterfaceOrientationLandscapeLeft UIInterfaceOrientationLandscapeRight";
				INFOPLIST_KEY_UISupportedInterfaceOrientations_iPhone = "UIInterfaceOrientationPortrait UIInterfaceOrientationLandscapeLeft UIInterfaceOrientationLandscapeRight";
				LD_RUNPATH_SEARCH_PATHS = (
					"$(inherited)",
					"@executable_path/Frameworks",
				);
				MARKETING_VERSION = 1.0;
				PRODUCT_BUNDLE_IDENTIFIER = DR.HabbitTracker;
				PRODUCT_NAME = "$(TARGET_NAME)";
				SWIFT_EMIT_LOC_STRINGS = YES;
				SWIFT_VERSION = 5.0;
				TARGETED_DEVICE_FAMILY = "1,2";
			};
			name = Debug;
		};
		441AD9752C26AF62002E81C1 /* Release */ = {
			isa = XCBuildConfiguration;
			buildSettings = {
				ASSETCATALOG_COMPILER_APPICON_NAME = AppIcon;
				ASSETCATALOG_COMPILER_GLOBAL_ACCENT_COLOR_NAME = AccentColor;
				CODE_SIGN_STYLE = Automatic;
				CURRENT_PROJECT_VERSION = 1;
				DEVELOPMENT_ASSET_PATHS = "\"HabbitTracker/Preview Content\"";
				DEVELOPMENT_TEAM = MMRD3ZF494;
				ENABLE_PREVIEWS = YES;
				GENERATE_INFOPLIST_FILE = YES;
				INFOPLIST_FILE = HabbitTracker/Info.plist;
				INFOPLIST_KEY_UIApplicationSceneManifest_Generation = YES;
				INFOPLIST_KEY_UIApplicationSupportsIndirectInputEvents = YES;
				INFOPLIST_KEY_UILaunchScreen_Generation = YES;
				INFOPLIST_KEY_UISupportedInterfaceOrientations_iPad = "UIInterfaceOrientationPortrait UIInterfaceOrientationPortraitUpsideDown UIInterfaceOrientationLandscapeLeft UIInterfaceOrientationLandscapeRight";
				INFOPLIST_KEY_UISupportedInterfaceOrientations_iPhone = "UIInterfaceOrientationPortrait UIInterfaceOrientationLandscapeLeft UIInterfaceOrientationLandscapeRight";
				LD_RUNPATH_SEARCH_PATHS = (
					"$(inherited)",
					"@executable_path/Frameworks",
				);
				MARKETING_VERSION = 1.0;
				PRODUCT_BUNDLE_IDENTIFIER = DR.HabbitTracker;
				PRODUCT_NAME = "$(TARGET_NAME)";
				SWIFT_EMIT_LOC_STRINGS = YES;
				SWIFT_VERSION = 5.0;
				TARGETED_DEVICE_FAMILY = "1,2";
			};
			name = Release;
		};
/* End XCBuildConfiguration section */

/* Begin XCConfigurationList section */
		441AD9602C26AF61002E81C1 /* Build configuration list for PBXProject "HabbitTracker" */ = {
			isa = XCConfigurationList;
			buildConfigurations = (
				441AD9712C26AF62002E81C1 /* Debug */,
				441AD9722C26AF62002E81C1 /* Release */,
			);
			defaultConfigurationIsVisible = 0;
			defaultConfigurationName = Release;
		};
		441AD9732C26AF62002E81C1 /* Build configuration list for PBXNativeTarget "HabbitTracker" */ = {
			isa = XCConfigurationList;
			buildConfigurations = (
				441AD9742C26AF62002E81C1 /* Debug */,
				441AD9752C26AF62002E81C1 /* Release */,
			);
			defaultConfigurationIsVisible = 0;
			defaultConfigurationName = Release;
		};
/* End XCConfigurationList section */
	};
	rootObject = 441AD95D2C26AF61002E81C1 /* Project object */;
}
